// !$*UTF8*$!
{
	archiveVersion = 1;
	classes = {
	};
	objectVersion = 56;
	objects = {

/* Begin PBXBuildFile section */
		DE33C2F82938855D00B0804A /* AppDelegate.swift in Sources */ = {isa = PBXBuildFile; fileRef = DE33C2F72938855D00B0804A /* AppDelegate.swift */; };
		DE33C2FA2938855D00B0804A /* SceneDelegate.swift in Sources */ = {isa = PBXBuildFile; fileRef = DE33C2F92938855D00B0804A /* SceneDelegate.swift */; };
		DE33C3012938855E00B0804A /* Assets.xcassets in Resources */ = {isa = PBXBuildFile; fileRef = DE33C3002938855E00B0804A /* Assets.xcassets */; };
		DE33C3042938855E00B0804A /* LaunchScreen.storyboard in Resources */ = {isa = PBXBuildFile; fileRef = DE33C3022938855E00B0804A /* LaunchScreen.storyboard */; };
		DE3B7A302938A2D200DF24A8 /* LightingUtilities in Frameworks */ = {isa = PBXBuildFile; productRef = DE3B7A2F2938A2D200DF24A8 /* LightingUtilities */; };
		DE86C039293B37F0001A1F1B /* ArtNetNodeDetailController.swift in Sources */ = {isa = PBXBuildFile; fileRef = DE86C038293B37F0001A1F1B /* ArtNetNodeDetailController.swift */; };
		DEB6BDE32940736800F60ADD /* ResultViewController.swift in Sources */ = {isa = PBXBuildFile; fileRef = DEB6BDE22940736800F60ADD /* ResultViewController.swift */; };
		DEED51AD29398E4E00A6248D /* PeripheralCell.swift in Sources */ = {isa = PBXBuildFile; fileRef = DEED51A729398E4E00A6248D /* PeripheralCell.swift */; };
		DEED51AE29398E4E00A6248D /* DetailController.swift in Sources */ = {isa = PBXBuildFile; fileRef = DEED51A829398E4E00A6248D /* DetailController.swift */; };
		DEED51AF29398E4E00A6248D /* SearchingArtNetNodesViewController.swift in Sources */ = {isa = PBXBuildFile; fileRef = DEED51A929398E4E00A6248D /* SearchingArtNetNodesViewController.swift */; };
		DEED51B029398E4E00A6248D /* TableViewController.swift in Sources */ = {isa = PBXBuildFile; fileRef = DEED51AA29398E4E00A6248D /* TableViewController.swift */; };
		DEED51B129398E4E00A6248D /* InputCell.swift in Sources */ = {isa = PBXBuildFile; fileRef = DEED51AB29398E4E00A6248D /* InputCell.swift */; };
		DEED51B229398E4E00A6248D /* ViewController.swift in Sources */ = {isa = PBXBuildFile; fileRef = DEED51AC29398E4E00A6248D /* ViewController.swift */; };
		DEED51B429398E6900A6248D /* Main.storyboard in Resources */ = {isa = PBXBuildFile; fileRef = DEED51B329398E6900A6248D /* Main.storyboard */; };
		DEED51B62939939C00A6248D /* ArtNetNodeCell.swift in Sources */ = {isa = PBXBuildFile; fileRef = DEED51B52939939C00A6248D /* ArtNetNodeCell.swift */; };
/* End PBXBuildFile section */

/* Begin PBXFileReference section */
		DE33C2F42938855D00B0804A /* LightingUtilitiesDemo.app */ = {isa = PBXFileReference; explicitFileType = wrapper.application; includeInIndex = 0; path = LightingUtilitiesDemo.app; sourceTree = BUILT_PRODUCTS_DIR; };
		DE33C2F72938855D00B0804A /* AppDelegate.swift */ = {isa = PBXFileReference; lastKnownFileType = sourcecode.swift; path = AppDelegate.swift; sourceTree = "<group>"; };
		DE33C2F92938855D00B0804A /* SceneDelegate.swift */ = {isa = PBXFileReference; lastKnownFileType = sourcecode.swift; path = SceneDelegate.swift; sourceTree = "<group>"; };
		DE33C3002938855E00B0804A /* Assets.xcassets */ = {isa = PBXFileReference; lastKnownFileType = folder.assetcatalog; path = Assets.xcassets; sourceTree = "<group>"; };
		DE33C3032938855E00B0804A /* Base */ = {isa = PBXFileReference; lastKnownFileType = file.storyboard; name = Base; path = Base.lproj/LaunchScreen.storyboard; sourceTree = "<group>"; };
		DE33C3052938855E00B0804A /* Info.plist */ = {isa = PBXFileReference; lastKnownFileType = text.plist.xml; path = Info.plist; sourceTree = "<group>"; };
		DE3B7A2D2938A2AC00DF24A8 /* LightingUtilities */ = {isa = PBXFileReference; lastKnownFileType = wrapper; name = LightingUtilities; path = ../LightingUtilities; sourceTree = "<group>"; };
		DE86C038293B37F0001A1F1B /* ArtNetNodeDetailController.swift */ = {isa = PBXFileReference; lastKnownFileType = sourcecode.swift; path = ArtNetNodeDetailController.swift; sourceTree = "<group>"; };
		DEB6BDE22940736800F60ADD /* ResultViewController.swift */ = {isa = PBXFileReference; lastKnownFileType = sourcecode.swift; path = ResultViewController.swift; sourceTree = "<group>"; };
		DEED51A729398E4E00A6248D /* PeripheralCell.swift */ = {isa = PBXFileReference; fileEncoding = 4; lastKnownFileType = sourcecode.swift; path = PeripheralCell.swift; sourceTree = "<group>"; };
		DEED51A829398E4E00A6248D /* DetailController.swift */ = {isa = PBXFileReference; fileEncoding = 4; lastKnownFileType = sourcecode.swift; path = DetailController.swift; sourceTree = "<group>"; };
		DEED51A929398E4E00A6248D /* SearchingArtNetNodesViewController.swift */ = {isa = PBXFileReference; fileEncoding = 4; lastKnownFileType = sourcecode.swift; path = SearchingArtNetNodesViewController.swift; sourceTree = "<group>"; };
		DEED51AA29398E4E00A6248D /* TableViewController.swift */ = {isa = PBXFileReference; fileEncoding = 4; lastKnownFileType = sourcecode.swift; path = TableViewController.swift; sourceTree = "<group>"; };
		DEED51AB29398E4E00A6248D /* InputCell.swift */ = {isa = PBXFileReference; fileEncoding = 4; lastKnownFileType = sourcecode.swift; path = InputCell.swift; sourceTree = "<group>"; };
		DEED51AC29398E4E00A6248D /* ViewController.swift */ = {isa = PBXFileReference; fileEncoding = 4; lastKnownFileType = sourcecode.swift; path = ViewController.swift; sourceTree = "<group>"; };
		DEED51B329398E6900A6248D /* Main.storyboard */ = {isa = PBXFileReference; fileEncoding = 4; lastKnownFileType = file.storyboard; name = Main.storyboard; path = Base.lproj/Main.storyboard; sourceTree = "<group>"; };
		DEED51B52939939C00A6248D /* ArtNetNodeCell.swift */ = {isa = PBXFileReference; lastKnownFileType = sourcecode.swift; path = ArtNetNodeCell.swift; sourceTree = "<group>"; };
/* End PBXFileReference section */

/* Begin PBXFrameworksBuildPhase section */
		DE33C2F12938855D00B0804A /* Frameworks */ = {
			isa = PBXFrameworksBuildPhase;
			buildActionMask = 2147483647;
			files = (
				DE3B7A302938A2D200DF24A8 /* LightingUtilities in Frameworks */,
			);
			runOnlyForDeploymentPostprocessing = 0;
		};
/* End PBXFrameworksBuildPhase section */

/* Begin PBXGroup section */
		DE33C2EB2938855D00B0804A = {
			isa = PBXGroup;
			children = (
				DE3B7A2D2938A2AC00DF24A8 /* LightingUtilities */,
				DE33C2F62938855D00B0804A /* LightingUtilitiesDemo */,
				DE33C2F52938855D00B0804A /* Products */,
				DE3B7A2E2938A2D200DF24A8 /* Frameworks */,
			);
			sourceTree = "<group>";
		};
		DE33C2F52938855D00B0804A /* Products */ = {
			isa = PBXGroup;
			children = (
				DE33C2F42938855D00B0804A /* LightingUtilitiesDemo.app */,
			);
			name = Products;
			sourceTree = "<group>";
		};
		DE33C2F62938855D00B0804A /* LightingUtilitiesDemo */ = {
			isa = PBXGroup;
			children = (
				DEED51AA29398E4E00A6248D /* TableViewController.swift */,
				DEED51AC29398E4E00A6248D /* ViewController.swift */,
				DEED51A829398E4E00A6248D /* DetailController.swift */,
				DEED51B52939939C00A6248D /* ArtNetNodeCell.swift */,
				DEED51AB29398E4E00A6248D /* InputCell.swift */,
				DEED51A729398E4E00A6248D /* PeripheralCell.swift */,
				DEED51A929398E4E00A6248D /* SearchingArtNetNodesViewController.swift */,
				DE33C2F72938855D00B0804A /* AppDelegate.swift */,
				DE33C2F92938855D00B0804A /* SceneDelegate.swift */,
				DE86C038293B37F0001A1F1B /* ArtNetNodeDetailController.swift */,
				DE33C3002938855E00B0804A /* Assets.xcassets */,
				DEED51B329398E6900A6248D /* Main.storyboard */,
				DEB6BDE22940736800F60ADD /* ResultViewController.swift */,
				DE33C3022938855E00B0804A /* LaunchScreen.storyboard */,
				DE33C3052938855E00B0804A /* Info.plist */,
			);
			path = LightingUtilitiesDemo;
			sourceTree = "<group>";
		};
		DE3B7A2E2938A2D200DF24A8 /* Frameworks */ = {
			isa = PBXGroup;
			children = (
			);
			name = Frameworks;
			sourceTree = "<group>";
		};
/* End PBXGroup section */

/* Begin PBXNativeTarget section */
		DE33C2F32938855D00B0804A /* LightingUtilitiesDemo */ = {
			isa = PBXNativeTarget;
			buildConfigurationList = DE33C3082938855E00B0804A /* Build configuration list for PBXNativeTarget "LightingUtilitiesDemo" */;
			buildPhases = (
				DE33C2F02938855D00B0804A /* Sources */,
				DE33C2F12938855D00B0804A /* Frameworks */,
				DE33C2F22938855D00B0804A /* Resources */,
			);
			buildRules = (
			);
			dependencies = (
			);
			name = LightingUtilitiesDemo;
			packageProductDependencies = (
				DE3B7A2F2938A2D200DF24A8 /* LightingUtilities */,
			);
			productName = LightingUtilitiesDemo;
			productReference = DE33C2F42938855D00B0804A /* LightingUtilitiesDemo.app */;
			productType = "com.apple.product-type.application";
		};
/* End PBXNativeTarget section */

/* Begin PBXProject section */
		DE33C2EC2938855D00B0804A /* Project object */ = {
			isa = PBXProject;
			attributes = {
				BuildIndependentTargetsInParallel = 1;
				LastSwiftUpdateCheck = 1410;
				LastUpgradeCheck = 1410;
				TargetAttributes = {
					DE33C2F32938855D00B0804A = {
						CreatedOnToolsVersion = 14.1;
					};
				};
			};
			buildConfigurationList = DE33C2EF2938855D00B0804A /* Build configuration list for PBXProject "LightingUtilitiesDemo" */;
			compatibilityVersion = "Xcode 14.0";
			developmentRegion = en;
			hasScannedForEncodings = 0;
			knownRegions = (
				en,
				Base,
			);
			mainGroup = DE33C2EB2938855D00B0804A;
			productRefGroup = DE33C2F52938855D00B0804A /* Products */;
			projectDirPath = "";
			projectRoot = "";
			targets = (
				DE33C2F32938855D00B0804A /* LightingUtilitiesDemo */,
			);
		};
/* End PBXProject section */

/* Begin PBXResourcesBuildPhase section */
		DE33C2F22938855D00B0804A /* Resources */ = {
			isa = PBXResourcesBuildPhase;
			buildActionMask = 2147483647;
			files = (
				DEED51B429398E6900A6248D /* Main.storyboard in Resources */,
				DE33C3042938855E00B0804A /* LaunchScreen.storyboard in Resources */,
				DE33C3012938855E00B0804A /* Assets.xcassets in Resources */,
			);
			runOnlyForDeploymentPostprocessing = 0;
		};
/* End PBXResourcesBuildPhase section */

/* Begin PBXSourcesBuildPhase section */
		DE33C2F02938855D00B0804A /* Sources */ = {
			isa = PBXSourcesBuildPhase;
			buildActionMask = 2147483647;
			files = (
				DEED51AF29398E4E00A6248D /* SearchingArtNetNodesViewController.swift in Sources */,
				DEED51B029398E4E00A6248D /* TableViewController.swift in Sources */,
				DE86C039293B37F0001A1F1B /* ArtNetNodeDetailController.swift in Sources */,
				DEED51B62939939C00A6248D /* ArtNetNodeCell.swift in Sources */,
				DEED51AE29398E4E00A6248D /* DetailController.swift in Sources */,
				DE33C2F82938855D00B0804A /* AppDelegate.swift in Sources */,
				DEED51AD29398E4E00A6248D /* PeripheralCell.swift in Sources */,
				DE33C2FA2938855D00B0804A /* SceneDelegate.swift in Sources */,
				DEED51B229398E4E00A6248D /* ViewController.swift in Sources */,
				DEED51B129398E4E00A6248D /* InputCell.swift in Sources */,
				DEB6BDE32940736800F60ADD /* ResultViewController.swift in Sources */,
			);
			runOnlyForDeploymentPostprocessing = 0;
		};
/* End PBXSourcesBuildPhase section */

/* Begin PBXVariantGroup section */
		DE33C3022938855E00B0804A /* LaunchScreen.storyboard */ = {
			isa = PBXVariantGroup;
			children = (
				DE33C3032938855E00B0804A /* Base */,
			);
			name = LaunchScreen.storyboard;
			sourceTree = "<group>";
		};
/* End PBXVariantGroup section */

/* Begin XCBuildConfiguration section */
		DE33C3062938855E00B0804A /* Debug */ = {
			isa = XCBuildConfiguration;
			buildSettings = {
				ALWAYS_SEARCH_USER_PATHS = NO;
				CLANG_ANALYZER_NONNULL = YES;
				CLANG_ANALYZER_NUMBER_OBJECT_CONVERSION = YES_AGGRESSIVE;
				CLANG_CXX_LANGUAGE_STANDARD = "gnu++20";
				CLANG_ENABLE_MODULES = YES;
				CLANG_ENABLE_OBJC_ARC = YES;
				CLANG_ENABLE_OBJC_WEAK = YES;
				CLANG_WARN_BLOCK_CAPTURE_AUTORELEASING = YES;
				CLANG_WARN_BOOL_CONVERSION = YES;
				CLANG_WARN_COMMA = YES;
				CLANG_WARN_CONSTANT_CONVERSION = YES;
				CLANG_WARN_DEPRECATED_OBJC_IMPLEMENTATIONS = YES;
				CLANG_WARN_DIRECT_OBJC_ISA_USAGE = YES_ERROR;
				CLANG_WARN_DOCUMENTATION_COMMENTS = YES;
				CLANG_WARN_EMPTY_BODY = YES;
				CLANG_WARN_ENUM_CONVERSION = YES;
				CLANG_WARN_INFINITE_RECURSION = YES;
				CLANG_WARN_INT_CONVERSION = YES;
				CLANG_WARN_NON_LITERAL_NULL_CONVERSION = YES;
				CLANG_WARN_OBJC_IMPLICIT_RETAIN_SELF = YES;
				CLANG_WARN_OBJC_LITERAL_CONVERSION = YES;
				CLANG_WARN_OBJC_ROOT_CLASS = YES_ERROR;
				CLANG_WARN_QUOTED_INCLUDE_IN_FRAMEWORK_HEADER = YES;
				CLANG_WARN_RANGE_LOOP_ANALYSIS = YES;
				CLANG_WARN_STRICT_PROTOTYPES = YES;
				CLANG_WARN_SUSPICIOUS_MOVE = YES;
				CLANG_WARN_UNGUARDED_AVAILABILITY = YES_AGGRESSIVE;
				CLANG_WARN_UNREACHABLE_CODE = YES;
				CLANG_WARN__DUPLICATE_METHOD_MATCH = YES;
				COPY_PHASE_STRIP = NO;
				DEBUG_INFORMATION_FORMAT = dwarf;
				ENABLE_STRICT_OBJC_MSGSEND = YES;
				ENABLE_TESTABILITY = YES;
				GCC_C_LANGUAGE_STANDARD = gnu11;
				GCC_DYNAMIC_NO_PIC = NO;
				GCC_NO_COMMON_BLOCKS = YES;
				GCC_OPTIMIZATION_LEVEL = 0;
				GCC_PREPROCESSOR_DEFINITIONS = (
					"DEBUG=1",
					"$(inherited)",
				);
				GCC_WARN_64_TO_32_BIT_CONVERSION = YES;
				GCC_WARN_ABOUT_RETURN_TYPE = YES_ERROR;
				GCC_WARN_UNDECLARED_SELECTOR = YES;
				GCC_WARN_UNINITIALIZED_AUTOS = YES_AGGRESSIVE;
				GCC_WARN_UNUSED_FUNCTION = YES;
				GCC_WARN_UNUSED_VARIABLE = YES;
				IPHONEOS_DEPLOYMENT_TARGET = 16.1;
				MTL_ENABLE_DEBUG_INFO = INCLUDE_SOURCE;
				MTL_FAST_MATH = YES;
				ONLY_ACTIVE_ARCH = YES;
				SDKROOT = iphoneos;
				SWIFT_ACTIVE_COMPILATION_CONDITIONS = DEBUG;
				SWIFT_OPTIMIZATION_LEVEL = "-Onone";
			};
			name = Debug;
		};
		DE33C3072938855E00B0804A /* Release */ = {
			isa = XCBuildConfiguration;
			buildSettings = {
				ALWAYS_SEARCH_USER_PATHS = NO;
				CLANG_ANALYZER_NONNULL = YES;
				CLANG_ANALYZER_NUMBER_OBJECT_CONVERSION = YES_AGGRESSIVE;
				CLANG_CXX_LANGUAGE_STANDARD = "gnu++20";
				CLANG_ENABLE_MODULES = YES;
				CLANG_ENABLE_OBJC_ARC = YES;
				CLANG_ENABLE_OBJC_WEAK = YES;
				CLANG_WARN_BLOCK_CAPTURE_AUTORELEASING = YES;
				CLANG_WARN_BOOL_CONVERSION = YES;
				CLANG_WARN_COMMA = YES;
				CLANG_WARN_CONSTANT_CONVERSION = YES;
				CLANG_WARN_DEPRECATED_OBJC_IMPLEMENTATIONS = YES;
				CLANG_WARN_DIRECT_OBJC_ISA_USAGE = YES_ERROR;
				CLANG_WARN_DOCUMENTATION_COMMENTS = YES;
				CLANG_WARN_EMPTY_BODY = YES;
				CLANG_WARN_ENUM_CONVERSION = YES;
				CLANG_WARN_INFINITE_RECURSION = YES;
				CLANG_WARN_INT_CONVERSION = YES;
				CLANG_WARN_NON_LITERAL_NULL_CONVERSION = YES;
				CLANG_WARN_OBJC_IMPLICIT_RETAIN_SELF = YES;
				CLANG_WARN_OBJC_LITERAL_CONVERSION = YES;
				CLANG_WARN_OBJC_ROOT_CLASS = YES_ERROR;
				CLANG_WARN_QUOTED_INCLUDE_IN_FRAMEWORK_HEADER = YES;
				CLANG_WARN_RANGE_LOOP_ANALYSIS = YES;
				CLANG_WARN_STRICT_PROTOTYPES = YES;
				CLANG_WARN_SUSPICIOUS_MOVE = YES;
				CLANG_WARN_UNGUARDED_AVAILABILITY = YES_AGGRESSIVE;
				CLANG_WARN_UNREACHABLE_CODE = YES;
				CLANG_WARN__DUPLICATE_METHOD_MATCH = YES;
				COPY_PHASE_STRIP = NO;
				DEBUG_INFORMATION_FORMAT = "dwarf-with-dsym";
				ENABLE_NS_ASSERTIONS = NO;
				ENABLE_STRICT_OBJC_MSGSEND = YES;
				GCC_C_LANGUAGE_STANDARD = gnu11;
				GCC_NO_COMMON_BLOCKS = YES;
				GCC_WARN_64_TO_32_BIT_CONVERSION = YES;
				GCC_WARN_ABOUT_RETURN_TYPE = YES_ERROR;
				GCC_WARN_UNDECLARED_SELECTOR = YES;
				GCC_WARN_UNINITIALIZED_AUTOS = YES_AGGRESSIVE;
				GCC_WARN_UNUSED_FUNCTION = YES;
				GCC_WARN_UNUSED_VARIABLE = YES;
				IPHONEOS_DEPLOYMENT_TARGET = 16.1;
				MTL_ENABLE_DEBUG_INFO = NO;
				MTL_FAST_MATH = YES;
				SDKROOT = iphoneos;
				SWIFT_COMPILATION_MODE = wholemodule;
				SWIFT_OPTIMIZATION_LEVEL = "-O";
				VALIDATE_PRODUCT = YES;
			};
			name = Release;
		};
		DE33C3092938855E00B0804A /* Debug */ = {
			isa = XCBuildConfiguration;
			buildSettings = {
				ASSETCATALOG_COMPILER_APPICON_NAME = AppIcon;
				ASSETCATALOG_COMPILER_GLOBAL_ACCENT_COLOR_NAME = AccentColor;
				CODE_SIGN_STYLE = Automatic;
				CURRENT_PROJECT_VERSION = 1;
				DEVELOPMENT_TEAM = GGWCEJRRYK;
				GENERATE_INFOPLIST_FILE = YES;
				INFOPLIST_FILE = LightingUtilitiesDemo/Info.plist;
				INFOPLIST_KEY_NSBluetoothAlwaysUsageDescription = "需要访问蓝牙设备";
				INFOPLIST_KEY_UIApplicationSupportsIndirectInputEvents = YES;
				INFOPLIST_KEY_UILaunchStoryboardName = LaunchScreen;
				INFOPLIST_KEY_UIMainStoryboardFile = Main;
				INFOPLIST_KEY_UISupportedInterfaceOrientations_iPad = "UIInterfaceOrientationPortrait UIInterfaceOrientationPortraitUpsideDown UIInterfaceOrientationLandscapeLeft UIInterfaceOrientationLandscapeRight";
				INFOPLIST_KEY_UISupportedInterfaceOrientations_iPhone = "UIInterfaceOrientationPortrait UIInterfaceOrientationLandscapeLeft UIInterfaceOrientationLandscapeRight";
				IPHONEOS_DEPLOYMENT_TARGET = 15.0;
				LD_RUNPATH_SEARCH_PATHS = (
					"$(inherited)",
					"@executable_path/Frameworks",
				);
				MARKETING_VERSION = 1.0;
				PRODUCT_BUNDLE_IDENTIFIER = com.LightingUtilitiesDemo;
				PRODUCT_NAME = "$(TARGET_NAME)";
				SWIFT_EMIT_LOC_STRINGS = YES;
				SWIFT_VERSION = 5.0;
				TARGETED_DEVICE_FAMILY = "1,2";
			};
			name = Debug;
		};
		DE33C30A2938855E00B0804A /* Release */ = {
			isa = XCBuildConfiguration;
			buildSettings = {
				ASSETCATALOG_COMPILER_APPICON_NAME = AppIcon;
				ASSETCATALOG_COMPILER_GLOBAL_ACCENT_COLOR_NAME = AccentColor;
				CODE_SIGN_STYLE = Automatic;
				CURRENT_PROJECT_VERSION = 1;
				DEVELOPMENT_TEAM = GGWCEJRRYK;
				GENERATE_INFOPLIST_FILE = YES;
				INFOPLIST_FILE = LightingUtilitiesDemo/Info.plist;
				INFOPLIST_KEY_NSBluetoothAlwaysUsageDescription = "需要访问蓝牙设备";
				INFOPLIST_KEY_UIApplicationSupportsIndirectInputEvents = YES;
				INFOPLIST_KEY_UILaunchStoryboardName = LaunchScreen;
				INFOPLIST_KEY_UIMainStoryboardFile = Main;
				INFOPLIST_KEY_UISupportedInterfaceOrientations_iPad = "UIInterfaceOrientationPortrait UIInterfaceOrientationPortraitUpsideDown UIInterfaceOrientationLandscapeLeft UIInterfaceOrientationLandscapeRight";
				INFOPLIST_KEY_UISupportedInterfaceOrientations_iPhone = "UIInterfaceOrientationPortrait UIInterfaceOrientationLandscapeLeft UIInterfaceOrientationLandscapeRight";
				IPHONEOS_DEPLOYMENT_TARGET = 15.0;
				LD_RUNPATH_SEARCH_PATHS = (
					"$(inherited)",
					"@executable_path/Frameworks",
				);
				MARKETING_VERSION = 1.0;
				PRODUCT_BUNDLE_IDENTIFIER = com.LightingUtilitiesDemo;
				PRODUCT_NAME = "$(TARGET_NAME)";
				SWIFT_EMIT_LOC_STRINGS = YES;
				SWIFT_VERSION = 5.0;
				TARGETED_DEVICE_FAMILY = "1,2";
			};
			name = Release;
		};
/* End XCBuildConfiguration section */

/* Begin XCConfigurationList section */
		DE33C2EF2938855D00B0804A /* Build configuration list for PBXProject "LightingUtilitiesDemo" */ = {
			isa = XCConfigurationList;
			buildConfigurations = (
				DE33C3062938855E00B0804A /* Debug */,
				DE33C3072938855E00B0804A /* Release */,
			);
			defaultConfigurationIsVisible = 0;
			defaultConfigurationName = Release;
		};
		DE33C3082938855E00B0804A /* Build configuration list for PBXNativeTarget "LightingUtilitiesDemo" */ = {
			isa = XCConfigurationList;
			buildConfigurations = (
				DE33C3092938855E00B0804A /* Debug */,
				DE33C30A2938855E00B0804A /* Release */,
			);
			defaultConfigurationIsVisible = 0;
			defaultConfigurationName = Release;
		};
/* End XCConfigurationList section */

/* Begin XCSwiftPackageProductDependency section */
		DE3B7A2F2938A2D200DF24A8 /* LightingUtilities */ = {
			isa = XCSwiftPackageProductDependency;
			productName = LightingUtilities;
		};
/* End XCSwiftPackageProductDependency section */
	};
	rootObject = DE33C2EC2938855D00B0804A /* Project object */;
}
